
Microsoft Visual Studio Solution File, Format Version 12.00
# Visual Studio Version 17
VisualStudioVersion = 17.4.33205.214
MinimumVisualStudioVersion = 10.0.40219.1
Project("{FAE04EC0-301F-11D3-BF4B-00C04F79EFBC}") = "KnowledgeGraphAPI", "KnowledgeGraphAPI\KnowledgeGraphAPI.csproj", "{6FC213B4-449F-4146-97A6-5FC36672896C}"
EndProject
Global
	GlobalSection(SolutionConfigurationPlatforms) = preSolution
		Debug|Any CPU = Debug|Any CPU
		Release|Any CPU = Release|Any CPU
	EndGlobalSection
	GlobalSection(ProjectConfigurationPlatforms) = postSolution
		{6FC213B4-449F-4146-97A6-5FC36672896C}.Debug|Any CPU.ActiveCfg = Debug|Any CPU
		{6FC213B4-449F-4146-97A6-5FC36672896C}.Debug|Any CPU.Build.0 = Debug|Any CPU
		{6FC213B4-449F-4146-97A6-5FC36672896C}.Release|Any CPU.ActiveCfg = Release|Any CPU
		{6FC213B4-449F-4146-97A6-5FC36672896C}.Release|Any CPU.Build.0 = Release|Any CPU
	EndGlobalSection
	GlobalSection(SolutionProperties) = preSolution
		HideSolutionNode = FALSE
	EndGlobalSection
	GlobalSection(ExtensibilityGlobals) = postSolution
		SolutionGuid = {54B9FAA2-BCCA-4D7C-A64F-00B714369155}
	EndGlobalSection
EndGlobal
